// !$*UTF8*$!
{
	archiveVersion = 1;
	classes = {
	};
	objectVersion = 77;
	objects = {

/* Begin PBXBuildFile section */
		18A72C082F4032B900FB7D1C /* ZXingObjC in Frameworks */ = {isa = PBXBuildFile; productRef = 18A72C072F4032B900FB7D1C /* ZXingObjC */; };
		C879B2C52F37C66C004822E9 /* FirebaseAI in Frameworks */ = {isa = PBXBuildFile; productRef = C879B2C42F37C66C004822E9 /* FirebaseAI */; };
		C879B2C72F37C66C004822E9 /* FirebaseAILogic in Frameworks */ = {isa = PBXBuildFile; productRef = C879B2C62F37C66C004822E9 /* FirebaseAILogic */; };
		C879B2C92F37C66C004822E9 /* FirebaseAnalytics in Frameworks */ = {isa = PBXBuildFile; productRef = C879B2C82F37C66C004822E9 /* FirebaseAnalytics */; };
		C879B2CB2F37C66C004822E9 /* FirebaseAnalyticsCore in Frameworks */ = {isa = PBXBuildFile; productRef = C879B2CA2F37C66C004822E9 /* FirebaseAnalyticsCore */; };
		C879B2CD2F37C66C004822E9 /* FirebaseAnalyticsIdentitySupport in Frameworks */ = {isa = PBXBuildFile; productRef = C879B2CC2F37C66C004822E9 /* FirebaseAnalyticsIdentitySupport */; };
		C879B2CF2F37C66C004822E9 /* FirebaseAppCheck in Frameworks */ = {isa = PBXBuildFile; productRef = C879B2CE2F37C66C004822E9 /* FirebaseAppCheck */; };
		C879B2D12F37C66C004822E9 /* FirebaseAppDistribution-Beta in Frameworks */ = {isa = PBXBuildFile; productRef = C879B2D02F37C66C004822E9 /* FirebaseAppDistribution-Beta */; };
		C879B2D32F37C66C004822E9 /* FirebaseAuth in Frameworks */ = {isa = PBXBuildFile; productRef = C879B2D22F37C66C004822E9 /* FirebaseAuth */; };
		C879B2D52F37C66C004822E9 /* FirebaseAuthCombine-Community in Frameworks */ = {isa = PBXBuildFile; productRef = C879B2D42F37C66C004822E9 /* FirebaseAuthCombine-Community */; };
		C879B2D72F37C66C004822E9 /* FirebaseCore in Frameworks */ = {isa = PBXBuildFile; productRef = C879B2D62F37C66C004822E9 /* FirebaseCore */; };
		C879B2D92F37C66C004822E9 /* FirebaseCrashlytics in Frameworks */ = {isa = PBXBuildFile; productRef = C879B2D82F37C66C004822E9 /* FirebaseCrashlytics */; };
		C879B2DB2F37C66C004822E9 /* FirebaseDatabase in Frameworks */ = {isa = PBXBuildFile; productRef = C879B2DA2F37C66C004822E9 /* FirebaseDatabase */; };
		C879B2DD2F37C66C004822E9 /* FirebaseFirestore in Frameworks */ = {isa = PBXBuildFile; productRef = C879B2DC2F37C66C004822E9 /* FirebaseFirestore */; };
		C879B2DF2F37C66C004822E9 /* FirebaseFirestoreCombine-Community in Frameworks */ = {isa = PBXBuildFile; productRef = C879B2DE2F37C66C004822E9 /* FirebaseFirestoreCombine-Community */; };
		C879B2E12F37C66C004822E9 /* FirebaseFunctions in Frameworks */ = {isa = PBXBuildFile; productRef = C879B2E02F37C66C004822E9 /* FirebaseFunctions */; };
		C879B2E32F37C66C004822E9 /* FirebaseFunctionsCombine-Community in Frameworks */ = {isa = PBXBuildFile; productRef = C879B2E22F37C66C004822E9 /* FirebaseFunctionsCombine-Community */; };
		C879B2E52F37C66C004822E9 /* FirebaseInAppMessaging-Beta in Frameworks */ = {isa = PBXBuildFile; productRef = C879B2E42F37C66C004822E9 /* FirebaseInAppMessaging-Beta */; };
		C879B2E72F37C66C004822E9 /* FirebaseInstallations in Frameworks */ = {isa = PBXBuildFile; productRef = C879B2E62F37C66C004822E9 /* FirebaseInstallations */; };
		C879B2E92F37C66C004822E9 /* FirebaseMLModelDownloader in Frameworks */ = {isa = PBXBuildFile; productRef = C879B2E82F37C66C004822E9 /* FirebaseMLModelDownloader */; };
		C879B2EB2F37C66C004822E9 /* FirebaseMessaging in Frameworks */ = {isa = PBXBuildFile; productRef = C879B2EA2F37C66C004822E9 /* FirebaseMessaging */; };
		C879B2ED2F37C66C004822E9 /* FirebasePerformance in Frameworks */ = {isa = PBXBuildFile; productRef = C879B2EC2F37C66C004822E9 /* FirebasePerformance */; };
		C879B2EF2F37C66C004822E9 /* FirebaseRemoteConfig in Frameworks */ = {isa = PBXBuildFile; productRef = C879B2EE2F37C66C004822E9 /* FirebaseRemoteConfig */; };
		C879B2F12F37C66C004822E9 /* FirebaseStorage in Frameworks */ = {isa = PBXBuildFile; productRef = C879B2F02F37C66C004822E9 /* FirebaseStorage */; };
		C879B2F32F37C66C004822E9 /* FirebaseStorageCombine-Community in Frameworks */ = {isa = PBXBuildFile; productRef = C879B2F22F37C66C004822E9 /* FirebaseStorageCombine-Community */; };
		C879B3882F37D042004822E9 /* SDWebImage in Frameworks */ = {isa = PBXBuildFile; productRef = C879B3872F37D042004822E9 /* SDWebImage */; };
		C879B38A2F37D042004822E9 /* SDWebImageMapKit in Frameworks */ = {isa = PBXBuildFile; productRef = C879B3892F37D042004822E9 /* SDWebImageMapKit */; };
		C879B38D2F37D077004822E9 /* SwiftyStoreKit in Frameworks */ = {isa = PBXBuildFile; productRef = C879B38C2F37D077004822E9 /* SwiftyStoreKit */; };
		C87A5F002F38FB9B00D09B3E /* Reachability in Frameworks */ = {isa = PBXBuildFile; productRef = C87A5EFF2F38FB9B00D09B3E /* Reachability */; };
		C87A5F032F38FBF000D09B3E /* Siren in Frameworks */ = {isa = PBXBuildFile; productRef = C87A5F022F38FBF000D09B3E /* Siren */; };
		C87A5F222F3903C800D09B3E /* SVProgressHUD in Frameworks */ = {isa = PBXBuildFile; productRef = C87A5F212F3903C800D09B3E /* SVProgressHUD */; };
		C87A5F512F39083E00D09B3E /* SwiftyGif in Frameworks */ = {isa = PBXBuildFile; productRef = C87A5F502F39083E00D09B3E /* SwiftyGif */; };
		C880985A2F3818AE00A16FAB /* ProgressHUD in Frameworks */ = {isa = PBXBuildFile; productRef = C88098592F3818AE00A16FAB /* ProgressHUD */; };
		C881B8D72F396AEC00254B76 /* Mantis in Frameworks */ = {isa = PBXBuildFile; productRef = C881B8D62F396AEC00254B76 /* Mantis */; };
		C8FF56742F3A385300E34D7C /* EFQRCode in Frameworks */ = {isa = PBXBuildFile; productRef = C8FF56732F3A385300E34D7C /* EFQRCode */; };
		C8FF56792F3A3A6F00E34D7C /* PryntTrimmerView in Frameworks */ = {isa = PBXBuildFile; productRef = C8FF56782F3A3A6F00E34D7C /* PryntTrimmerView */; };
		C8FF567C2F3A3D2000E34D7C /* QRCode in Frameworks */ = {isa = PBXBuildFile; productRef = C8FF567B2F3A3D2000E34D7C /* QRCode */; };
		C8FF567F2F3A48A700E34D7C /* Lottie in Frameworks */ = {isa = PBXBuildFile; productRef = C8FF567E2F3A48A700E34D7C /* Lottie */; };
		C8FF56822F3A49E100E34D7C /* RSBarcodes_Swift in Frameworks */ = {isa = PBXBuildFile; productRef = C8FF56812F3A49E100E34D7C /* RSBarcodes_Swift */; };
/* End PBXBuildFile section */

/* Begin PBXFileReference section */
		C860EACD2F36FE600009B258 /* NewQrMaker.app */ = {isa = PBXFileReference; explicitFileType = wrapper.application; includeInIndex = 0; path = NewQrMaker.app; sourceTree = BUILT_PRODUCTS_DIR; };
/* End PBXFileReference section */

/* Begin PBXFileSystemSynchronizedBuildFileExceptionSet section */
		C860EADF2F36FE620009B258 /* Exceptions for "NewQrMaker" folder in "NewQrMaker" target */ = {
			isa = PBXFileSystemSynchronizedBuildFileExceptionSet;
			membershipExceptions = (
				Info.plist,
			);
			target = C860EACC2F36FE600009B258 /* NewQrMaker */;
		};
/* End PBXFileSystemSynchronizedBuildFileExceptionSet section */

/* Begin PBXFileSystemSynchronizedRootGroup section */
		C860EACF2F36FE600009B258 /* NewQrMaker */ = {
			isa = PBXFileSystemSynchronizedRootGroup;
			exceptions = (
				C860EADF2F36FE620009B258 /* Exceptions for "NewQrMaker" folder in "NewQrMaker" target */,
			);
			path = NewQrMaker;
			sourceTree = "<group>";
		};
/* End PBXFileSystemSynchronizedRootGroup section */

/* Begin PBXFrameworksBuildPhase section */
		C860EACA2F36FE600009B258 /* Frameworks */ = {
			isa = PBXFrameworksBuildPhase;
			buildActionMask = 2147483647;
			files = (
				C879B2D12F37C66C004822E9 /* FirebaseAppDistribution-Beta in Frameworks */,
				C880985A2F3818AE00A16FAB /* ProgressHUD in Frameworks */,
				C879B2DD2F37C66C004822E9 /* FirebaseFirestore in Frameworks */,
				C879B38A2F37D042004822E9 /* SDWebImageMapKit in Frameworks */,
				C879B2D52F37C66C004822E9 /* FirebaseAuthCombine-Community in Frameworks */,
				C87A5F512F39083E00D09B3E /* SwiftyGif in Frameworks */,
				C879B2E72F37C66C004822E9 /* FirebaseInstallations in Frameworks */,
				C879B2C72F37C66C004822E9 /* FirebaseAILogic in Frameworks */,
				C879B2CD2F37C66C004822E9 /* FirebaseAnalyticsIdentitySupport in Frameworks */,
				C879B2E52F37C66C004822E9 /* FirebaseInAppMessaging-Beta in Frameworks */,
				C879B2C52F37C66C004822E9 /* FirebaseAI in Frameworks */,
				C879B2D92F37C66C004822E9 /* FirebaseCrashlytics in Frameworks */,
				C879B2E32F37C66C004822E9 /* FirebaseFunctionsCombine-Community in Frameworks */,
				C879B2F32F37C66C004822E9 /* FirebaseStorageCombine-Community in Frameworks */,
				C879B38D2F37D077004822E9 /* SwiftyStoreKit in Frameworks */,
				C8FF567F2F3A48A700E34D7C /* Lottie in Frameworks */,
				C879B2DB2F37C66C004822E9 /* FirebaseDatabase in Frameworks */,
				C879B2F12F37C66C004822E9 /* FirebaseStorage in Frameworks */,
				C8FF56792F3A3A6F00E34D7C /* PryntTrimmerView in Frameworks */,
				C879B2EF2F37C66C004822E9 /* FirebaseRemoteConfig in Frameworks */,
				C879B2C92F37C66C004822E9 /* FirebaseAnalytics in Frameworks */,
				C8FF567C2F3A3D2000E34D7C /* QRCode in Frameworks */,
				C87A5F032F38FBF000D09B3E /* Siren in Frameworks */,
				C879B2EB2F37C66C004822E9 /* FirebaseMessaging in Frameworks */,
				C8FF56742F3A385300E34D7C /* EFQRCode in Frameworks */,
				C881B8D72F396AEC00254B76 /* Mantis in Frameworks */,
				C879B2E92F37C66C004822E9 /* FirebaseMLModelDownloader in Frameworks */,
				C879B2ED2F37C66C004822E9 /* FirebasePerformance in Frameworks */,
				C8FF56822F3A49E100E34D7C /* RSBarcodes_Swift in Frameworks */,
				C879B2D72F37C66C004822E9 /* FirebaseCore in Frameworks */,
				C879B2CF2F37C66C004822E9 /* FirebaseAppCheck in Frameworks */,
				C87A5F222F3903C800D09B3E /* SVProgressHUD in Frameworks */,
				C87A5F002F38FB9B00D09B3E /* Reachability in Frameworks */,
				18A72C082F4032B900FB7D1C /* ZXingObjC in Frameworks */,
				C879B2CB2F37C66C004822E9 /* FirebaseAnalyticsCore in Frameworks */,
				C879B2E12F37C66C004822E9 /* FirebaseFunctions in Frameworks */,
				C879B2D32F37C66C004822E9 /* FirebaseAuth in Frameworks */,
				C879B2DF2F37C66C004822E9 /* FirebaseFirestoreCombine-Community in Frameworks */,
				C879B3882F37D042004822E9 /* SDWebImage in Frameworks */,
			);
			runOnlyForDeploymentPostprocessing = 0;
		};
/* End PBXFrameworksBuildPhase section */

/* Begin PBXGroup section */
		C860EAC42F36FE600009B258 = {
			isa = PBXGroup;
			children = (
				C860EACF2F36FE600009B258 /* NewQrMaker */,
				C860EACE2F36FE600009B258 /* Products */,
			);
			sourceTree = "<group>";
		};
		C860EACE2F36FE600009B258 /* Products */ = {
			isa = PBXGroup;
			children = (
				C860EACD2F36FE600009B258 /* NewQrMaker.app */,
			);
			name = Products;
			sourceTree = "<group>";
		};
/* End PBXGroup section */

/* Begin PBXNativeTarget section */
		C860EACC2F36FE600009B258 /* NewQrMaker */ = {
			isa = PBXNativeTarget;
			buildConfigurationList = C860EAE02F36FE620009B258 /* Build configuration list for PBXNativeTarget "NewQrMaker" */;
			buildPhases = (
				C860EAC92F36FE600009B258 /* Sources */,
				C860EACA2F36FE600009B258 /* Frameworks */,
				C860EACB2F36FE600009B258 /* Resources */,
			);
			buildRules = (
			);
			dependencies = (
			);
			fileSystemSynchronizedGroups = (
				C860EACF2F36FE600009B258 /* NewQrMaker */,
			);
			name = NewQrMaker;
			packageProductDependencies = (
				C879B2C42F37C66C004822E9 /* FirebaseAI */,
				C879B2C62F37C66C004822E9 /* FirebaseAILogic */,
				C879B2C82F37C66C004822E9 /* FirebaseAnalytics */,
				C879B2CA2F37C66C004822E9 /* FirebaseAnalyticsCore */,
				C879B2CC2F37C66C004822E9 /* FirebaseAnalyticsIdentitySupport */,
				C879B2CE2F37C66C004822E9 /* FirebaseAppCheck */,
				C879B2D02F37C66C004822E9 /* FirebaseAppDistribution-Beta */,
				C879B2D22F37C66C004822E9 /* FirebaseAuth */,
				C879B2D42F37C66C004822E9 /* FirebaseAuthCombine-Community */,
				C879B2D62F37C66C004822E9 /* FirebaseCore */,
				C879B2D82F37C66C004822E9 /* FirebaseCrashlytics */,
				C879B2DA2F37C66C004822E9 /* FirebaseDatabase */,
				C879B2DC2F37C66C004822E9 /* FirebaseFirestore */,
				C879B2DE2F37C66C004822E9 /* FirebaseFirestoreCombine-Community */,
				C879B2E02F37C66C004822E9 /* FirebaseFunctions */,
				C879B2E22F37C66C004822E9 /* FirebaseFunctionsCombine-Community */,
				C879B2E42F37C66C004822E9 /* FirebaseInAppMessaging-Beta */,
				C879B2E62F37C66C004822E9 /* FirebaseInstallations */,
				C879B2E82F37C66C004822E9 /* FirebaseMLModelDownloader */,
				C879B2EA2F37C66C004822E9 /* FirebaseMessaging */,
				C879B2EC2F37C66C004822E9 /* FirebasePerformance */,
				C879B2EE2F37C66C004822E9 /* FirebaseRemoteConfig */,
				C879B2F02F37C66C004822E9 /* FirebaseStorage */,
				C879B2F22F37C66C004822E9 /* FirebaseStorageCombine-Community */,
				C879B3872F37D042004822E9 /* SDWebImage */,
				C879B3892F37D042004822E9 /* SDWebImageMapKit */,
				C879B38C2F37D077004822E9 /* SwiftyStoreKit */,
				C88098592F3818AE00A16FAB /* ProgressHUD */,
				C87A5EFF2F38FB9B00D09B3E /* Reachability */,
				C87A5F022F38FBF000D09B3E /* Siren */,
				C87A5F212F3903C800D09B3E /* SVProgressHUD */,
				C87A5F502F39083E00D09B3E /* SwiftyGif */,
				C881B8D62F396AEC00254B76 /* Mantis */,
				C8FF56732F3A385300E34D7C /* EFQRCode */,
				C8FF56782F3A3A6F00E34D7C /* PryntTrimmerView */,
				C8FF567B2F3A3D2000E34D7C /* QRCode */,
				C8FF567E2F3A48A700E34D7C /* Lottie */,
				C8FF56812F3A49E100E34D7C /* RSBarcodes_Swift */,
				18A72C072F4032B900FB7D1C /* ZXingObjC */,
			);
			productName = NewQrMaker;
			productReference = C860EACD2F36FE600009B258 /* NewQrMaker.app */;
			productType = "com.apple.product-type.application";
		};
/* End PBXNativeTarget section */

/* Begin PBXProject section */
		C860EAC52F36FE600009B258 /* Project object */ = {
			isa = PBXProject;
			attributes = {
				BuildIndependentTargetsInParallel = 1;
				LastSwiftUpdateCheck = 2600;
				LastUpgradeCheck = 2600;
				TargetAttributes = {
					C860EACC2F36FE600009B258 = {
						CreatedOnToolsVersion = 26.0;
					};
				};
			};
			buildConfigurationList = C860EAC82F36FE600009B258 /* Build configuration list for PBXProject "NewQrMaker" */;
			developmentRegion = en;
			hasScannedForEncodings = 0;
			knownRegions = (
				en,
				Base,
				bn,
			);
			mainGroup = C860EAC42F36FE600009B258;
			minimizedProjectReferenceProxies = 1;
			packageReferences = (
				C879B2C32F37C66C004822E9 /* XCRemoteSwiftPackageReference "firebase-ios-sdk" */,
				C879B3862F37D042004822E9 /* XCRemoteSwiftPackageReference "SDWebImage" */,
				C879B38B2F37D077004822E9 /* XCRemoteSwiftPackageReference "SwiftyStoreKit" */,
				C88098582F3818AE00A16FAB /* XCRemoteSwiftPackageReference "ProgressHUD" */,
				C87A5EFE2F38FB9B00D09B3E /* XCRemoteSwiftPackageReference "Reachability" */,
				C87A5F012F38FBF000D09B3E /* XCRemoteSwiftPackageReference "Siren" */,
				C87A5F202F3903C800D09B3E /* XCRemoteSwiftPackageReference "SVProgressHUD" */,
				C87A5F4F2F39083E00D09B3E /* XCRemoteSwiftPackageReference "SwiftyGif" */,
				C881B8D52F396AEC00254B76 /* XCRemoteSwiftPackageReference "Mantis" */,
				C8FF56722F3A385300E34D7C /* XCRemoteSwiftPackageReference "EFQRCode" */,
				C8FF56772F3A3A6F00E34D7C /* XCRemoteSwiftPackageReference "PryntTrimmerView" */,
				C8FF567A2F3A3D2000E34D7C /* XCRemoteSwiftPackageReference "qrcode" */,
				C8FF567D2F3A48A700E34D7C /* XCRemoteSwiftPackageReference "lottie-ios" */,
				C8FF56802F3A49E100E34D7C /* XCRemoteSwiftPackageReference "RSBarcodes_Swift" */,
				18A72C062F4032B900FB7D1C /* XCRemoteSwiftPackageReference "ZXingObjC" */,
			);
			preferredProjectObjectVersion = 77;
			productRefGroup = C860EACE2F36FE600009B258 /* Products */;
			projectDirPath = "";
			projectRoot = "";
			targets = (
				C860EACC2F36FE600009B258 /* NewQrMaker */,
			);
		};
/* End PBXProject section */

/* Begin PBXResourcesBuildPhase section */
		C860EACB2F36FE600009B258 /* Resources */ = {
			isa = PBXResourcesBuildPhase;
			buildActionMask = 2147483647;
			files = (
			);
			runOnlyForDeploymentPostprocessing = 0;
		};
/* End PBXResourcesBuildPhase section */

/* Begin PBXSourcesBuildPhase section */
		C860EAC92F36FE600009B258 /* Sources */ = {
			isa = PBXSourcesBuildPhase;
			buildActionMask = 2147483647;
			files = (
			);
			runOnlyForDeploymentPostprocessing = 0;
		};
/* End PBXSourcesBuildPhase section */

/* Begin XCBuildConfiguration section */
		C860EAE12F36FE620009B258 /* Debug */ = {
			isa = XCBuildConfiguration;
			buildSettings = {
				ASSETCATALOG_COMPILER_APPICON_NAME = AppIcon;
				ASSETCATALOG_COMPILER_GLOBAL_ACCENT_COLOR_NAME = AccentColor;
				CODE_SIGN_STYLE = Automatic;
				CURRENT_PROJECT_VERSION = 1;
				DEVELOPMENT_TEAM = 68W2966MBV;
				GENERATE_INFOPLIST_FILE = YES;
				INFOPLIST_FILE = NewQrMaker/Info.plist;
				INFOPLIST_KEY_UIApplicationSupportsIndirectInputEvents = YES;
				INFOPLIST_KEY_UILaunchStoryboardName = LaunchScreen;
				INFOPLIST_KEY_UIMainStoryboardFile = Main;
				INFOPLIST_KEY_UISupportedInterfaceOrientations = UIInterfaceOrientationPortrait;
				INFOPLIST_KEY_UISupportedInterfaceOrientations_iPad = "UIInterfaceOrientationLandscapeLeft UIInterfaceOrientationLandscapeRight UIInterfaceOrientationPortrait UIInterfaceOrientationPortraitUpsideDown";
				IPHONEOS_DEPLOYMENT_TARGET = 17;
				LD_RUNPATH_SEARCH_PATHS = (
					"$(inherited)",
					"@executable_path/Frameworks",
				);
				MARKETING_VERSION = 1.0;
				PRODUCT_BUNDLE_IDENTIFIER = com.hejazapps.scannr;
				PRODUCT_NAME = "$(TARGET_NAME)";
				STRING_CATALOG_GENERATE_SYMBOLS = YES;
				SUPPORTED_PLATFORMS = "iphoneos iphonesimulator";
				SUPPORTS_MACCATALYST = NO;
				SWIFT_APPROACHABLE_CONCURRENCY = YES;
				SWIFT_DEFAULT_ACTOR_ISOLATION = MainActor;
				SWIFT_EMIT_LOC_STRINGS = YES;
				SWIFT_UPCOMING_FEATURE_MEMBER_IMPORT_VISIBILITY = YES;
				SWIFT_VERSION = 5.0;
				TARGETED_DEVICE_FAMILY = 1;
			};
			name = Debug;
		};
		C860EAE22F36FE620009B258 /* Release */ = {
			isa = XCBuildConfiguration;
			buildSettings = {
				ASSETCATALOG_COMPILER_APPICON_NAME = AppIcon;
				ASSETCATALOG_COMPILER_GLOBAL_ACCENT_COLOR_NAME = AccentColor;
				CODE_SIGN_STYLE = Automatic;
				CURRENT_PROJECT_VERSION = 1;
				DEVELOPMENT_TEAM = 68W2966MBV;
				GENERATE_INFOPLIST_FILE = YES;
				INFOPLIST_FILE = NewQrMaker/Info.plist;
				INFOPLIST_KEY_UIApplicationSupportsIndirectInputEvents = YES;
				INFOPLIST_KEY_UILaunchStoryboardName = LaunchScreen;
				INFOPLIST_KEY_UIMainStoryboardFile = Main;
				INFOPLIST_KEY_UISupportedInterfaceOrientations = UIInterfaceOrientationPortrait;
				INFOPLIST_KEY_UISupportedInterfaceOrientations_iPad = "UIInterfaceOrientationLandscapeLeft UIInterfaceOrientationLandscapeRight UIInterfaceOrientationPortrait UIInterfaceOrientationPortraitUpsideDown";
				IPHONEOS_DEPLOYMENT_TARGET = 17;
				LD_RUNPATH_SEARCH_PATHS = (
					"$(inherited)",
					"@executable_path/Frameworks",
				);
				MARKETING_VERSION = 1.0;
				PRODUCT_BUNDLE_IDENTIFIER = com.hejazapps.scannr;
				PRODUCT_NAME = "$(TARGET_NAME)";
				STRING_CATALOG_GENERATE_SYMBOLS = YES;
				SUPPORTED_PLATFORMS = "iphoneos iphonesimulator";
				SUPPORTS_MACCATALYST = NO;
				SWIFT_APPROACHABLE_CONCURRENCY = YES;
				SWIFT_DEFAULT_ACTOR_ISOLATION = MainActor;
				SWIFT_EMIT_LOC_STRINGS = YES;
				SWIFT_UPCOMING_FEATURE_MEMBER_IMPORT_VISIBILITY = YES;
				SWIFT_VERSION = 5.0;
				TARGETED_DEVICE_FAMILY = 1;
			};
			name = Release;
		};
		C860EAE32F36FE620009B258 /* Debug */ = {
			isa = XCBuildConfiguration;
			buildSettings = {
				ALWAYS_SEARCH_USER_PATHS = NO;
				ASSETCATALOG_COMPILER_GENERATE_SWIFT_ASSET_SYMBOL_EXTENSIONS = YES;
				CLANG_ANALYZER_LOCALIZABILITY_NONLOCALIZED = YES;
				CLANG_ANALYZER_NONNULL = YES;
				CLANG_ANALYZER_NUMBER_OBJECT_CONVERSION = YES_AGGRESSIVE;
				CLANG_CXX_LANGUAGE_STANDARD = "gnu++20";
				CLANG_ENABLE_MODULES = YES;
				CLANG_ENABLE_OBJC_ARC = YES;
				CLANG_ENABLE_OBJC_WEAK = YES;
				CLANG_WARN_BLOCK_CAPTURE_AUTORELEASING = YES;
				CLANG_WARN_BOOL_CONVERSION = YES;
				CLANG_WARN_COMMA = YES;
				CLANG_WARN_CONSTANT_CONVERSION = YES;
				CLANG_WARN_DEPRECATED_OBJC_IMPLEMENTATIONS = YES;
				CLANG_WARN_DIRECT_OBJC_ISA_USAGE = YES_ERROR;
				CLANG_WARN_DOCUMENTATION_COMMENTS = YES;
				CLANG_WARN_EMPTY_BODY = YES;
				CLANG_WARN_ENUM_CONVERSION = YES;
				CLANG_WARN_INFINITE_RECURSION = YES;
				CLANG_WARN_INT_CONVERSION = YES;
				CLANG_WARN_NON_LITERAL_NULL_CONVERSION = YES;
				CLANG_WARN_OBJC_IMPLICIT_RETAIN_SELF = YES;
				CLANG_WARN_OBJC_LITERAL_CONVERSION = YES;
				CLANG_WARN_OBJC_ROOT_CLASS = YES_ERROR;
				CLANG_WARN_QUOTED_INCLUDE_IN_FRAMEWORK_HEADER = YES;
				CLANG_WARN_RANGE_LOOP_ANALYSIS = YES;
				CLANG_WARN_STRICT_PROTOTYPES = YES;
				CLANG_WARN_SUSPICIOUS_MOVE = YES;
				CLANG_WARN_UNGUARDED_AVAILABILITY = YES_AGGRESSIVE;
				CLANG_WARN_UNREACHABLE_CODE = YES;
				CLANG_WARN__DUPLICATE_METHOD_MATCH = YES;
				COPY_PHASE_STRIP = NO;
				DEBUG_INFORMATION_FORMAT = dwarf;
				DEVELOPMENT_TEAM = 68W2966MBV;
				ENABLE_STRICT_OBJC_MSGSEND = YES;
				ENABLE_TESTABILITY = YES;
				ENABLE_USER_SCRIPT_SANDBOXING = YES;
				GCC_C_LANGUAGE_STANDARD = gnu17;
				GCC_DYNAMIC_NO_PIC = NO;
				GCC_NO_COMMON_BLOCKS = YES;
				GCC_OPTIMIZATION_LEVEL = 0;
				GCC_PREPROCESSOR_DEFINITIONS = (
					"DEBUG=1",
					"$(inherited)",
				);
				GCC_WARN_64_TO_32_BIT_CONVERSION = YES;
				GCC_WARN_ABOUT_RETURN_TYPE = YES_ERROR;
				GCC_WARN_UNDECLARED_SELECTOR = YES;
				GCC_WARN_UNINITIALIZED_AUTOS = YES_AGGRESSIVE;
				GCC_WARN_UNUSED_FUNCTION = YES;
				GCC_WARN_UNUSED_VARIABLE = YES;
				IPHONEOS_DEPLOYMENT_TARGET = 26.0;
				LOCALIZATION_PREFERS_STRING_CATALOGS = YES;
				MTL_ENABLE_DEBUG_INFO = INCLUDE_SOURCE;
				MTL_FAST_MATH = YES;
				ONLY_ACTIVE_ARCH = YES;
				SDKROOT = iphoneos;
				SWIFT_ACTIVE_COMPILATION_CONDITIONS = "DEBUG $(inherited)";
				SWIFT_OPTIMIZATION_LEVEL = "-Onone";
			};
			name = Debug;
		};
		C860EAE42F36FE620009B258 /* Release */ = {
			isa = XCBuildConfiguration;
			buildSettings = {
				ALWAYS_SEARCH_USER_PATHS = NO;
				ASSETCATALOG_COMPILER_GENERATE_SWIFT_ASSET_SYMBOL_EXTENSIONS = YES;
				CLANG_ANALYZER_LOCALIZABILITY_NONLOCALIZED = YES;
				CLANG_ANALYZER_NONNULL = YES;
				CLANG_ANALYZER_NUMBER_OBJECT_CONVERSION = YES_AGGRESSIVE;
				CLANG_CXX_LANGUAGE_STANDARD = "gnu++20";
				CLANG_ENABLE_MODULES = YES;
				CLANG_ENABLE_OBJC_ARC = YES;
				CLANG_ENABLE_OBJC_WEAK = YES;
				CLANG_WARN_BLOCK_CAPTURE_AUTORELEASING = YES;
				CLANG_WARN_BOOL_CONVERSION = YES;
				CLANG_WARN_COMMA = YES;
				CLANG_WARN_CONSTANT_CONVERSION = YES;
				CLANG_WARN_DEPRECATED_OBJC_IMPLEMENTATIONS = YES;
				CLANG_WARN_DIRECT_OBJC_ISA_USAGE = YES_ERROR;
				CLANG_WARN_DOCUMENTATION_COMMENTS = YES;
				CLANG_WARN_EMPTY_BODY = YES;
				CLANG_WARN_ENUM_CONVERSION = YES;
				CLANG_WARN_INFINITE_RECURSION = YES;
				CLANG_WARN_INT_CONVERSION = YES;
				CLANG_WARN_NON_LITERAL_NULL_CONVERSION = YES;
				CLANG_WARN_OBJC_IMPLICIT_RETAIN_SELF = YES;
				CLANG_WARN_OBJC_LITERAL_CONVERSION = YES;
				CLANG_WARN_OBJC_ROOT_CLASS = YES_ERROR;
				CLANG_WARN_QUOTED_INCLUDE_IN_FRAMEWORK_HEADER = YES;
				CLANG_WARN_RANGE_LOOP_ANALYSIS = YES;
				CLANG_WARN_STRICT_PROTOTYPES = YES;
				CLANG_WARN_SUSPICIOUS_MOVE = YES;
				CLANG_WARN_UNGUARDED_AVAILABILITY = YES_AGGRESSIVE;
				CLANG_WARN_UNREACHABLE_CODE = YES;
				CLANG_WARN__DUPLICATE_METHOD_MATCH = YES;
				COPY_PHASE_STRIP = NO;
				DEBUG_INFORMATION_FORMAT = "dwarf-with-dsym";
				DEVELOPMENT_TEAM = 68W2966MBV;
				ENABLE_NS_ASSERTIONS = NO;
				ENABLE_STRICT_OBJC_MSGSEND = YES;
				ENABLE_USER_SCRIPT_SANDBOXING = YES;
				GCC_C_LANGUAGE_STANDARD = gnu17;
				GCC_NO_COMMON_BLOCKS = YES;
				GCC_WARN_64_TO_32_BIT_CONVERSION = YES;
				GCC_WARN_ABOUT_RETURN_TYPE = YES_ERROR;
				GCC_WARN_UNDECLARED_SELECTOR = YES;
				GCC_WARN_UNINITIALIZED_AUTOS = YES_AGGRESSIVE;
				GCC_WARN_UNUSED_FUNCTION = YES;
				GCC_WARN_UNUSED_VARIABLE = YES;
				IPHONEOS_DEPLOYMENT_TARGET = 26.0;
				LOCALIZATION_PREFERS_STRING_CATALOGS = YES;
				MTL_ENABLE_DEBUG_INFO = NO;
				MTL_FAST_MATH = YES;
				SDKROOT = iphoneos;
				SWIFT_COMPILATION_MODE = wholemodule;
				VALIDATE_PRODUCT = YES;
			};
			name = Release;
		};
/* End XCBuildConfiguration section */

/* Begin XCConfigurationList section */
		C860EAC82F36FE600009B258 /* Build configuration list for PBXProject "NewQrMaker" */ = {
			isa = XCConfigurationList;
			buildConfigurations = (
				C860EAE32F36FE620009B258 /* Debug */,
				C860EAE42F36FE620009B258 /* Release */,
			);
			defaultConfigurationIsVisible = 0;
			defaultConfigurationName = Release;
		};
		C860EAE02F36FE620009B258 /* Build configuration list for PBXNativeTarget "NewQrMaker" */ = {
			isa = XCConfigurationList;
			buildConfigurations = (
				C860EAE12F36FE620009B258 /* Debug */,
				C860EAE22F36FE620009B258 /* Release */,
			);
			defaultConfigurationIsVisible = 0;
			defaultConfigurationName = Release;
		};
/* End XCConfigurationList section */

/* Begin XCRemoteSwiftPackageReference section */
		18A72C062F4032B900FB7D1C /* XCRemoteSwiftPackageReference "ZXingObjC" */ = {
			isa = XCRemoteSwiftPackageReference;
			repositoryURL = "https://github.com/rafsannazmul/ZXingObjC";
			requirement = {
				branch = main;
				kind = branch;
			};
		};
		C879B2C32F37C66C004822E9 /* XCRemoteSwiftPackageReference "firebase-ios-sdk" */ = {
			isa = XCRemoteSwiftPackageReference;
			repositoryURL = "https://github.com/firebase/firebase-ios-sdk";
			requirement = {
				kind = upToNextMajorVersion;
				minimumVersion = 12.9.0;
			};
		};
		C879B3862F37D042004822E9 /* XCRemoteSwiftPackageReference "SDWebImage" */ = {
			isa = XCRemoteSwiftPackageReference;
			repositoryURL = "https://github.com/SDWebImage/SDWebImage.git";
			requirement = {
				kind = upToNextMajorVersion;
				minimumVersion = 5.21.6;
			};
		};
		C879B38B2F37D077004822E9 /* XCRemoteSwiftPackageReference "SwiftyStoreKit" */ = {
			isa = XCRemoteSwiftPackageReference;
			repositoryURL = "https://github.com/bizz84/SwiftyStoreKit.git";
			requirement = {
				kind = upToNextMajorVersion;
				minimumVersion = 0.16.4;
			};
		};
		C87A5EFE2F38FB9B00D09B3E /* XCRemoteSwiftPackageReference "Reachability" */ = {
			isa = XCRemoteSwiftPackageReference;
			repositoryURL = "https://github.com/ashleymills/Reachability.swift";
			requirement = {
				branch = master;
				kind = branch;
			};
		};
		C87A5F012F38FBF000D09B3E /* XCRemoteSwiftPackageReference "Siren" */ = {
			isa = XCRemoteSwiftPackageReference;
			repositoryURL = "https://github.com/ArtSabintsev/Siren.git";
			requirement = {
				kind = upToNextMajorVersion;
				minimumVersion = 6.1.3;
			};
		};
		C87A5F202F3903C800D09B3E /* XCRemoteSwiftPackageReference "SVProgressHUD" */ = {
			isa = XCRemoteSwiftPackageReference;
			repositoryURL = "https://github.com/SVProgressHUD/SVProgressHUD.git";
			requirement = {
				kind = upToNextMajorVersion;
				minimumVersion = 2.3.1;
			};
		};
		C87A5F4F2F39083E00D09B3E /* XCRemoteSwiftPackageReference "SwiftyGif" */ = {
			isa = XCRemoteSwiftPackageReference;
			repositoryURL = "https://github.com/kirualex/SwiftyGif.git";
			requirement = {
				kind = upToNextMajorVersion;
				minimumVersion = 5.4.5;
			};
		};
		C88098582F3818AE00A16FAB /* XCRemoteSwiftPackageReference "ProgressHUD" */ = {
			isa = XCRemoteSwiftPackageReference;
			repositoryURL = "https://github.com/relatedcode/ProgressHUD.git";
			requirement = {
				kind = upToNextMajorVersion;
				minimumVersion = 15.0.1;
			};
		};
		C881B8D52F396AEC00254B76 /* XCRemoteSwiftPackageReference "Mantis" */ = {
			isa = XCRemoteSwiftPackageReference;
			repositoryURL = "https://github.com/guoyingtao/Mantis.git";
			requirement = {
				kind = upToNextMajorVersion;
				minimumVersion = 1.7.5;
			};
		};
		C8FF56722F3A385300E34D7C /* XCRemoteSwiftPackageReference "EFQRCode" */ = {
			isa = XCRemoteSwiftPackageReference;
			repositoryURL = "https://github.com/EFPrefix/EFQRCode.git";
			requirement = {
				kind = upToNextMajorVersion;
				minimumVersion = 7.0.3;
			};
		};
		C8FF56772F3A3A6F00E34D7C /* XCRemoteSwiftPackageReference "PryntTrimmerView" */ = {
			isa = XCRemoteSwiftPackageReference;
			repositoryURL = "https://github.com/HHK1/PryntTrimmerView.git";
			requirement = {
				kind = upToNextMajorVersion;
				minimumVersion = 4.0.2;
			};
		};
		C8FF567A2F3A3D2000E34D7C /* XCRemoteSwiftPackageReference "qrcode" */ = {
			isa = XCRemoteSwiftPackageReference;
			repositoryURL = "https://github.com/dagronf/qrcode.git";
			requirement = {
				kind = upToNextMajorVersion;
				minimumVersion = 27.13.0;
			};
		};
		C8FF567D2F3A48A700E34D7C /* XCRemoteSwiftPackageReference "lottie-ios" */ = {
			isa = XCRemoteSwiftPackageReference;
			repositoryURL = "https://github.com/airbnb/lottie-ios.git";
			requirement = {
				kind = upToNextMajorVersion;
				minimumVersion = 4.6.0;
			};
		};
		C8FF56802F3A49E100E34D7C /* XCRemoteSwiftPackageReference "RSBarcodes_Swift" */ = {
			isa = XCRemoteSwiftPackageReference;
			repositoryURL = "https://github.com/yeahdongcn/RSBarcodes_Swift.git";
			requirement = {
				kind = upToNextMajorVersion;
				minimumVersion = 5.2.0;
			};
		};
/* End XCRemoteSwiftPackageReference section */

/* Begin XCSwiftPackageProductDependency section */
		18A72C072F4032B900FB7D1C /* ZXingObjC */ = {
			isa = XCSwiftPackageProductDependency;
			package = 18A72C062F4032B900FB7D1C /* XCRemoteSwiftPackageReference "ZXingObjC" */;
			productName = ZXingObjC;
		};
		C879B2C42F37C66C004822E9 /* FirebaseAI */ = {
			isa = XCSwiftPackageProductDependency;
			package = C879B2C32F37C66C004822E9 /* XCRemoteSwiftPackageReference "firebase-ios-sdk" */;
			productName = FirebaseAI;
		};
		C879B2C62F37C66C004822E9 /* FirebaseAILogic */ = {
			isa = XCSwiftPackageProductDependency;
			package = C879B2C32F37C66C004822E9 /* XCRemoteSwiftPackageReference "firebase-ios-sdk" */;
			productName = FirebaseAILogic;
		};
		C879B2C82F37C66C004822E9 /* FirebaseAnalytics */ = {
			isa = XCSwiftPackageProductDependency;
			package = C879B2C32F37C66C004822E9 /* XCRemoteSwiftPackageReference "firebase-ios-sdk" */;
			productName = FirebaseAnalytics;
		};
		C879B2CA2F37C66C004822E9 /* FirebaseAnalyticsCore */ = {
			isa = XCSwiftPackageProductDependency;
			package = C879B2C32F37C66C004822E9 /* XCRemoteSwiftPackageReference "firebase-ios-sdk" */;
			productName = FirebaseAnalyticsCore;
		};
		C879B2CC2F37C66C004822E9 /* FirebaseAnalyticsIdentitySupport */ = {
			isa = XCSwiftPackageProductDependency;
			package = C879B2C32F37C66C004822E9 /* XCRemoteSwiftPackageReference "firebase-ios-sdk" */;
			productName = FirebaseAnalyticsIdentitySupport;
		};
		C879B2CE2F37C66C004822E9 /* FirebaseAppCheck */ = {
			isa = XCSwiftPackageProductDependency;
			package = C879B2C32F37C66C004822E9 /* XCRemoteSwiftPackageReference "firebase-ios-sdk" */;
			productName = FirebaseAppCheck;
		};
		C879B2D02F37C66C004822E9 /* FirebaseAppDistribution-Beta */ = {
			isa = XCSwiftPackageProductDependency;
			package = C879B2C32F37C66C004822E9 /* XCRemoteSwiftPackageReference "firebase-ios-sdk" */;
			productName = "FirebaseAppDistribution-Beta";
		};
		C879B2D22F37C66C004822E9 /* FirebaseAuth */ = {
			isa = XCSwiftPackageProductDependency;
			package = C879B2C32F37C66C004822E9 /* XCRemoteSwiftPackageReference "firebase-ios-sdk" */;
			productName = FirebaseAuth;
		};
		C879B2D42F37C66C004822E9 /* FirebaseAuthCombine-Community */ = {
			isa = XCSwiftPackageProductDependency;
			package = C879B2C32F37C66C004822E9 /* XCRemoteSwiftPackageReference "firebase-ios-sdk" */;
			productName = "FirebaseAuthCombine-Community";
		};
		C879B2D62F37C66C004822E9 /* FirebaseCore */ = {
			isa = XCSwiftPackageProductDependency;
			package = C879B2C32F37C66C004822E9 /* XCRemoteSwiftPackageReference "firebase-ios-sdk" */;
			productName = FirebaseCore;
		};
		C879B2D82F37C66C004822E9 /* FirebaseCrashlytics */ = {
			isa = XCSwiftPackageProductDependency;
			package = C879B2C32F37C66C004822E9 /* XCRemoteSwiftPackageReference "firebase-ios-sdk" */;
			productName = FirebaseCrashlytics;
		};
		C879B2DA2F37C66C004822E9 /* FirebaseDatabase */ = {
			isa = XCSwiftPackageProductDependency;
			package = C879B2C32F37C66C004822E9 /* XCRemoteSwiftPackageReference "firebase-ios-sdk" */;
			productName = FirebaseDatabase;
		};
		C879B2DC2F37C66C004822E9 /* FirebaseFirestore */ = {
			isa = XCSwiftPackageProductDependency;
			package = C879B2C32F37C66C004822E9 /* XCRemoteSwiftPackageReference "firebase-ios-sdk" */;
			productName = FirebaseFirestore;
		};
		C879B2DE2F37C66C004822E9 /* FirebaseFirestoreCombine-Community */ = {
			isa = XCSwiftPackageProductDependency;
			package = C879B2C32F37C66C004822E9 /* XCRemoteSwiftPackageReference "firebase-ios-sdk" */;
			productName = "FirebaseFirestoreCombine-Community";
		};
		C879B2E02F37C66C004822E9 /* FirebaseFunctions */ = {
			isa = XCSwiftPackageProductDependency;
			package = C879B2C32F37C66C004822E9 /* XCRemoteSwiftPackageReference "firebase-ios-sdk" */;
			productName = FirebaseFunctions;
		};
		C879B2E22F37C66C004822E9 /* FirebaseFunctionsCombine-Community */ = {
			isa = XCSwiftPackageProductDependency;
			package = C879B2C32F37C66C004822E9 /* XCRemoteSwiftPackageReference "firebase-ios-sdk" */;
			productName = "FirebaseFunctionsCombine-Community";
		};
		C879B2E42F37C66C004822E9 /* FirebaseInAppMessaging-Beta */ = {
			isa = XCSwiftPackageProductDependency;
			package = C879B2C32F37C66C004822E9 /* XCRemoteSwiftPackageReference "firebase-ios-sdk" */;
			productName = "FirebaseInAppMessaging-Beta";
		};
		C879B2E62F37C66C004822E9 /* FirebaseInstallations */ = {
			isa = XCSwiftPackageProductDependency;
			package = C879B2C32F37C66C004822E9 /* XCRemoteSwiftPackageReference "firebase-ios-sdk" */;
			productName = FirebaseInstallations;
		};
		C879B2E82F37C66C004822E9 /* FirebaseMLModelDownloader */ = {
			isa = XCSwiftPackageProductDependency;
			package = C879B2C32F37C66C004822E9 /* XCRemoteSwiftPackageReference "firebase-ios-sdk" */;
			productName = FirebaseMLModelDownloader;
		};
		C879B2EA2F37C66C004822E9 /* FirebaseMessaging */ = {
			isa = XCSwiftPackageProductDependency;
			package = C879B2C32F37C66C004822E9 /* XCRemoteSwiftPackageReference "firebase-ios-sdk" */;
			productName = FirebaseMessaging;
		};
		C879B2EC2F37C66C004822E9 /* FirebasePerformance */ = {
			isa = XCSwiftPackageProductDependency;
			package = C879B2C32F37C66C004822E9 /* XCRemoteSwiftPackageReference "firebase-ios-sdk" */;
			productName = FirebasePerformance;
		};
		C879B2EE2F37C66C004822E9 /* FirebaseRemoteConfig */ = {
			isa = XCSwiftPackageProductDependency;
			package = C879B2C32F37C66C004822E9 /* XCRemoteSwiftPackageReference "firebase-ios-sdk" */;
			productName = FirebaseRemoteConfig;
		};
		C879B2F02F37C66C004822E9 /* FirebaseStorage */ = {
			isa = XCSwiftPackageProductDependency;
			package = C879B2C32F37C66C004822E9 /* XCRemoteSwiftPackageReference "firebase-ios-sdk" */;
			productName = FirebaseStorage;
		};
		C879B2F22F37C66C004822E9 /* FirebaseStorageCombine-Community */ = {
			isa = XCSwiftPackageProductDependency;
			package = C879B2C32F37C66C004822E9 /* XCRemoteSwiftPackageReference "firebase-ios-sdk" */;
			productName = "FirebaseStorageCombine-Community";
		};
		C879B3872F37D042004822E9 /* SDWebImage */ = {
			isa = XCSwiftPackageProductDependency;
			package = C879B3862F37D042004822E9 /* XCRemoteSwiftPackageReference "SDWebImage" */;
			productName = SDWebImage;
		};
		C879B3892F37D042004822E9 /* SDWebImageMapKit */ = {
			isa = XCSwiftPackageProductDependency;
			package = C879B3862F37D042004822E9 /* XCRemoteSwiftPackageReference "SDWebImage" */;
			productName = SDWebImageMapKit;
		};
		C879B38C2F37D077004822E9 /* SwiftyStoreKit */ = {
			isa = XCSwiftPackageProductDependency;
			package = C879B38B2F37D077004822E9 /* XCRemoteSwiftPackageReference "SwiftyStoreKit" */;
			productName = SwiftyStoreKit;
		};
		C87A5EFF2F38FB9B00D09B3E /* Reachability */ = {
			isa = XCSwiftPackageProductDependency;
			package = C87A5EFE2F38FB9B00D09B3E /* XCRemoteSwiftPackageReference "Reachability" */;
			productName = Reachability;
		};
		C87A5F022F38FBF000D09B3E /* Siren */ = {
			isa = XCSwiftPackageProductDependency;
			package = C87A5F012F38FBF000D09B3E /* XCRemoteSwiftPackageReference "Siren" */;
			productName = Siren;
		};
		C87A5F212F3903C800D09B3E /* SVProgressHUD */ = {
			isa = XCSwiftPackageProductDependency;
			package = C87A5F202F3903C800D09B3E /* XCRemoteSwiftPackageReference "SVProgressHUD" */;
			productName = SVProgressHUD;
		};
		C87A5F502F39083E00D09B3E /* SwiftyGif */ = {
			isa = XCSwiftPackageProductDependency;
			package = C87A5F4F2F39083E00D09B3E /* XCRemoteSwiftPackageReference "SwiftyGif" */;
			productName = SwiftyGif;
		};
		C88098592F3818AE00A16FAB /* ProgressHUD */ = {
			isa = XCSwiftPackageProductDependency;
			package = C88098582F3818AE00A16FAB /* XCRemoteSwiftPackageReference "ProgressHUD" */;
			productName = ProgressHUD;
		};
		C881B8D62F396AEC00254B76 /* Mantis */ = {
			isa = XCSwiftPackageProductDependency;
			package = C881B8D52F396AEC00254B76 /* XCRemoteSwiftPackageReference "Mantis" */;
			productName = Mantis;
		};
		C8FF56732F3A385300E34D7C /* EFQRCode */ = {
			isa = XCSwiftPackageProductDependency;
			package = C8FF56722F3A385300E34D7C /* XCRemoteSwiftPackageReference "EFQRCode" */;
			productName = EFQRCode;
		};
		C8FF56782F3A3A6F00E34D7C /* PryntTrimmerView */ = {
			isa = XCSwiftPackageProductDependency;
			package = C8FF56772F3A3A6F00E34D7C /* XCRemoteSwiftPackageReference "PryntTrimmerView" */;
			productName = PryntTrimmerView;
		};
		C8FF567B2F3A3D2000E34D7C /* QRCode */ = {
			isa = XCSwiftPackageProductDependency;
			package = C8FF567A2F3A3D2000E34D7C /* XCRemoteSwiftPackageReference "qrcode" */;
			productName = QRCode;
		};
		C8FF567E2F3A48A700E34D7C /* Lottie */ = {
			isa = XCSwiftPackageProductDependency;
			package = C8FF567D2F3A48A700E34D7C /* XCRemoteSwiftPackageReference "lottie-ios" */;
			productName = Lottie;
		};
		C8FF56812F3A49E100E34D7C /* RSBarcodes_Swift */ = {
			isa = XCSwiftPackageProductDependency;
			package = C8FF56802F3A49E100E34D7C /* XCRemoteSwiftPackageReference "RSBarcodes_Swift" */;
			productName = RSBarcodes_Swift;
		};
/* End XCSwiftPackageProductDependency section */
	};
	rootObject = C860EAC52F36FE600009B258 /* Project object */;
}
